
Microsoft Visual Studio Solution File, Format Version 12.00
# Visual Studio Version 17
VisualStudioVersion = 17.8.34511.84
MinimumVisualStudioVersion = 10.0.40219.1
Project("{FAE04EC0-301F-11D3-BF4B-00C04F79EFBC}") = "Multicast Delegate 3", "Multicast Delegate 3\Multicast Delegate 3.csproj", "{35894E32-09E8-4A6A-94CB-F07726BB08BB}"
EndProject
Global
	GlobalSection(SolutionConfigurationPlatforms) = preSolution
		Debug|Any CPU = Debug|Any CPU
		Release|Any CPU = Release|Any CPU
	EndGlobalSection
	GlobalSection(ProjectConfigurationPlatforms) = postSolution
		{35894E32-09E8-4A6A-94CB-F07726BB08BB}.Debug|Any CPU.ActiveCfg = Debug|Any CPU
		{35894E32-09E8-4A6A-94CB-F07726BB08BB}.Debug|Any CPU.Build.0 = Debug|Any CPU
		{35894E32-09E8-4A6A-94CB-F07726BB08BB}.Release|Any CPU.ActiveCfg = Release|Any CPU
		{35894E32-09E8-4A6A-94CB-F07726BB08BB}.Release|Any CPU.Build.0 = Release|Any CPU
	EndGlobalSection
	GlobalSection(SolutionProperties) = preSolution
		HideSolutionNode = FALSE
	EndGlobalSection
	GlobalSection(ExtensibilityGlobals) = postSolution
		SolutionGuid = {FCDAB6C5-F6E9-4887-99BD-EBBFF13C01DC}
	EndGlobalSection
EndGlobal
