
Microsoft Visual Studio Solution File, Format Version 12.00
# Visual Studio Version 17
VisualStudioVersion = 17.8.34511.84
MinimumVisualStudioVersion = 10.0.40219.1
Project("{FAE04EC0-301F-11D3-BF4B-00C04F79EFBC}") = "Static vs Non Static", "Static vs Non Static\Static vs Non Static.csproj", "{B16FF2FD-093B-4A59-8604-B32F679512D0}"
EndProject
Global
	GlobalSection(SolutionConfigurationPlatforms) = preSolution
		Debug|Any CPU = Debug|Any CPU
		Release|Any CPU = Release|Any CPU
	EndGlobalSection
	GlobalSection(ProjectConfigurationPlatforms) = postSolution
		{B16FF2FD-093B-4A59-8604-B32F679512D0}.Debug|Any CPU.ActiveCfg = Debug|Any CPU
		{B16FF2FD-093B-4A59-8604-B32F679512D0}.Debug|Any CPU.Build.0 = Debug|Any CPU
		{B16FF2FD-093B-4A59-8604-B32F679512D0}.Release|Any CPU.ActiveCfg = Release|Any CPU
		{B16FF2FD-093B-4A59-8604-B32F679512D0}.Release|Any CPU.Build.0 = Release|Any CPU
	EndGlobalSection
	GlobalSection(SolutionProperties) = preSolution
		HideSolutionNode = FALSE
	EndGlobalSection
	GlobalSection(ExtensibilityGlobals) = postSolution
		SolutionGuid = {0E700B72-C20A-488C-95D3-17A806B5ACE4}
	EndGlobalSection
EndGlobal
