
Microsoft Visual Studio Solution File, Format Version 12.00
# Visual Studio Version 17
VisualStudioVersion = 17.8.34511.84
MinimumVisualStudioVersion = 10.0.40219.1
Project("{FAE04EC0-301F-11D3-BF4B-00C04F79EFBC}") = "Praktek Generic Constrain", "Praktek Generic Constrain\Praktek Generic Constrain.csproj", "{CFDA16ED-78EC-4799-BA1E-CD1B1ED3E09D}"
EndProject
Global
	GlobalSection(SolutionConfigurationPlatforms) = preSolution
		Debug|Any CPU = Debug|Any CPU
		Release|Any CPU = Release|Any CPU
	EndGlobalSection
	GlobalSection(ProjectConfigurationPlatforms) = postSolution
		{CFDA16ED-78EC-4799-BA1E-CD1B1ED3E09D}.Debug|Any CPU.ActiveCfg = Debug|Any CPU
		{CFDA16ED-78EC-4799-BA1E-CD1B1ED3E09D}.Debug|Any CPU.Build.0 = Debug|Any CPU
		{CFDA16ED-78EC-4799-BA1E-CD1B1ED3E09D}.Release|Any CPU.ActiveCfg = Release|Any CPU
		{CFDA16ED-78EC-4799-BA1E-CD1B1ED3E09D}.Release|Any CPU.Build.0 = Release|Any CPU
	EndGlobalSection
	GlobalSection(SolutionProperties) = preSolution
		HideSolutionNode = FALSE
	EndGlobalSection
	GlobalSection(ExtensibilityGlobals) = postSolution
		SolutionGuid = {FA396AAD-38F9-4BA6-9961-25CDA12DCB75}
	EndGlobalSection
EndGlobal
