
Microsoft Visual Studio Solution File, Format Version 12.00
# Visual Studio Version 17
VisualStudioVersion = 17.8.34511.84
MinimumVisualStudioVersion = 10.0.40219.1
Project("{FAE04EC0-301F-11D3-BF4B-00C04F79EFBC}") = "Delegate Return Value", "Delegate Return Value\Delegate Return Value.csproj", "{081F36E9-B998-43D3-AFB4-091C7728F894}"
EndProject
Global
	GlobalSection(SolutionConfigurationPlatforms) = preSolution
		Debug|Any CPU = Debug|Any CPU
		Release|Any CPU = Release|Any CPU
	EndGlobalSection
	GlobalSection(ProjectConfigurationPlatforms) = postSolution
		{081F36E9-B998-43D3-AFB4-091C7728F894}.Debug|Any CPU.ActiveCfg = Debug|Any CPU
		{081F36E9-B998-43D3-AFB4-091C7728F894}.Debug|Any CPU.Build.0 = Debug|Any CPU
		{081F36E9-B998-43D3-AFB4-091C7728F894}.Release|Any CPU.ActiveCfg = Release|Any CPU
		{081F36E9-B998-43D3-AFB4-091C7728F894}.Release|Any CPU.Build.0 = Release|Any CPU
	EndGlobalSection
	GlobalSection(SolutionProperties) = preSolution
		HideSolutionNode = FALSE
	EndGlobalSection
	GlobalSection(ExtensibilityGlobals) = postSolution
		SolutionGuid = {C82EBE78-41E5-42C0-A23E-FE2FA3EE42C5}
	EndGlobalSection
EndGlobal
