
Microsoft Visual Studio Solution File, Format Version 12.00
# Visual Studio Version 17
VisualStudioVersion = 17.8.34511.84
MinimumVisualStudioVersion = 10.0.40219.1
Project("{FAE04EC0-301F-11D3-BF4B-00C04F79EFBC}") = "Reference Type Check Address", "Reference Type Check Address\Reference Type Check Address.csproj", "{8705F626-57B5-494E-A507-905819497856}"
EndProject
Global
	GlobalSection(SolutionConfigurationPlatforms) = preSolution
		Debug|Any CPU = Debug|Any CPU
		Release|Any CPU = Release|Any CPU
	EndGlobalSection
	GlobalSection(ProjectConfigurationPlatforms) = postSolution
		{8705F626-57B5-494E-A507-905819497856}.Debug|Any CPU.ActiveCfg = Debug|Any CPU
		{8705F626-57B5-494E-A507-905819497856}.Debug|Any CPU.Build.0 = Debug|Any CPU
		{8705F626-57B5-494E-A507-905819497856}.Release|Any CPU.ActiveCfg = Release|Any CPU
		{8705F626-57B5-494E-A507-905819497856}.Release|Any CPU.Build.0 = Release|Any CPU
	EndGlobalSection
	GlobalSection(SolutionProperties) = preSolution
		HideSolutionNode = FALSE
	EndGlobalSection
	GlobalSection(ExtensibilityGlobals) = postSolution
		SolutionGuid = {2CA8DA4E-F8F0-4BD6-8A46-0F79801C1023}
	EndGlobalSection
EndGlobal
