
Microsoft Visual Studio Solution File, Format Version 12.00
# Visual Studio Version 17
VisualStudioVersion = 17.8.34511.84
MinimumVisualStudioVersion = 10.0.40219.1
Project("{FAE04EC0-301F-11D3-BF4B-00C04F79EFBC}") = "Multicast Delegate 2", "Multicast Delegate 2\Multicast Delegate 2.csproj", "{9B10DF91-C9F3-496F-A16A-07FF3CEAEF8F}"
EndProject
Global
	GlobalSection(SolutionConfigurationPlatforms) = preSolution
		Debug|Any CPU = Debug|Any CPU
		Release|Any CPU = Release|Any CPU
	EndGlobalSection
	GlobalSection(ProjectConfigurationPlatforms) = postSolution
		{9B10DF91-C9F3-496F-A16A-07FF3CEAEF8F}.Debug|Any CPU.ActiveCfg = Debug|Any CPU
		{9B10DF91-C9F3-496F-A16A-07FF3CEAEF8F}.Debug|Any CPU.Build.0 = Debug|Any CPU
		{9B10DF91-C9F3-496F-A16A-07FF3CEAEF8F}.Release|Any CPU.ActiveCfg = Release|Any CPU
		{9B10DF91-C9F3-496F-A16A-07FF3CEAEF8F}.Release|Any CPU.Build.0 = Release|Any CPU
	EndGlobalSection
	GlobalSection(SolutionProperties) = preSolution
		HideSolutionNode = FALSE
	EndGlobalSection
	GlobalSection(ExtensibilityGlobals) = postSolution
		SolutionGuid = {52D5C0C0-6397-41E6-ACAA-30B911329DFE}
	EndGlobalSection
EndGlobal
