
Microsoft Visual Studio Solution File, Format Version 12.00
# Visual Studio Version 17
VisualStudioVersion = 17.8.34511.84
MinimumVisualStudioVersion = 10.0.40219.1
Project("{FAE04EC0-301F-11D3-BF4B-00C04F79EFBC}") = "Track Instance Using Static", "Track Instance Using Static\Track Instance Using Static.csproj", "{37B8825F-CD35-4FBF-9C57-4DE4A966BB91}"
EndProject
Global
	GlobalSection(SolutionConfigurationPlatforms) = preSolution
		Debug|Any CPU = Debug|Any CPU
		Release|Any CPU = Release|Any CPU
	EndGlobalSection
	GlobalSection(ProjectConfigurationPlatforms) = postSolution
		{37B8825F-CD35-4FBF-9C57-4DE4A966BB91}.Debug|Any CPU.ActiveCfg = Debug|Any CPU
		{37B8825F-CD35-4FBF-9C57-4DE4A966BB91}.Debug|Any CPU.Build.0 = Debug|Any CPU
		{37B8825F-CD35-4FBF-9C57-4DE4A966BB91}.Release|Any CPU.ActiveCfg = Release|Any CPU
		{37B8825F-CD35-4FBF-9C57-4DE4A966BB91}.Release|Any CPU.Build.0 = Release|Any CPU
	EndGlobalSection
	GlobalSection(SolutionProperties) = preSolution
		HideSolutionNode = FALSE
	EndGlobalSection
	GlobalSection(ExtensibilityGlobals) = postSolution
		SolutionGuid = {41D378D6-FB71-47DA-B122-C94F19E45D43}
	EndGlobalSection
EndGlobal
