
Microsoft Visual Studio Solution File, Format Version 12.00
# Visual Studio Version 17
VisualStudioVersion = 17.8.34511.84
MinimumVisualStudioVersion = 10.0.40219.1
Project("{FAE04EC0-301F-11D3-BF4B-00C04F79EFBC}") = "Inheritance Parent = Child", "Inheritance Parent = Child\Inheritance Parent = Child.csproj", "{A71A2D32-2175-4AAD-988B-21120E0CABEE}"
EndProject
Global
	GlobalSection(SolutionConfigurationPlatforms) = preSolution
		Debug|Any CPU = Debug|Any CPU
		Release|Any CPU = Release|Any CPU
	EndGlobalSection
	GlobalSection(ProjectConfigurationPlatforms) = postSolution
		{A71A2D32-2175-4AAD-988B-21120E0CABEE}.Debug|Any CPU.ActiveCfg = Debug|Any CPU
		{A71A2D32-2175-4AAD-988B-21120E0CABEE}.Debug|Any CPU.Build.0 = Debug|Any CPU
		{A71A2D32-2175-4AAD-988B-21120E0CABEE}.Release|Any CPU.ActiveCfg = Release|Any CPU
		{A71A2D32-2175-4AAD-988B-21120E0CABEE}.Release|Any CPU.Build.0 = Release|Any CPU
	EndGlobalSection
	GlobalSection(SolutionProperties) = preSolution
		HideSolutionNode = FALSE
	EndGlobalSection
	GlobalSection(ExtensibilityGlobals) = postSolution
		SolutionGuid = {66408ED6-2238-44A8-8FCB-BD936655D5B5}
	EndGlobalSection
EndGlobal
