
Microsoft Visual Studio Solution File, Format Version 12.00
# Visual Studio Version 17
VisualStudioVersion = 17.8.34511.84
MinimumVisualStudioVersion = 10.0.40219.1
Project("{FAE04EC0-301F-11D3-BF4B-00C04F79EFBC}") = "String Immutable", "String Immutable\String Immutable.csproj", "{6754727D-1BEB-4F44-8778-1A943E7C54C2}"
EndProject
Global
	GlobalSection(SolutionConfigurationPlatforms) = preSolution
		Debug|Any CPU = Debug|Any CPU
		Release|Any CPU = Release|Any CPU
	EndGlobalSection
	GlobalSection(ProjectConfigurationPlatforms) = postSolution
		{6754727D-1BEB-4F44-8778-1A943E7C54C2}.Debug|Any CPU.ActiveCfg = Debug|Any CPU
		{6754727D-1BEB-4F44-8778-1A943E7C54C2}.Debug|Any CPU.Build.0 = Debug|Any CPU
		{6754727D-1BEB-4F44-8778-1A943E7C54C2}.Release|Any CPU.ActiveCfg = Release|Any CPU
		{6754727D-1BEB-4F44-8778-1A943E7C54C2}.Release|Any CPU.Build.0 = Release|Any CPU
	EndGlobalSection
	GlobalSection(SolutionProperties) = preSolution
		HideSolutionNode = FALSE
	EndGlobalSection
	GlobalSection(ExtensibilityGlobals) = postSolution
		SolutionGuid = {5710F821-9D0B-4804-B0A6-355C4A4A3001}
	EndGlobalSection
EndGlobal
