
Microsoft Visual Studio Solution File, Format Version 12.00
# Visual Studio Version 17
VisualStudioVersion = 17.8.34511.84
MinimumVisualStudioVersion = 10.0.40219.1
Project("{FAE04EC0-301F-11D3-BF4B-00C04F79EFBC}") = "Generic Constrain", "Generic Constrain\Generic Constrain.csproj", "{3576B181-330F-4351-B486-808775A985CF}"
EndProject
Global
	GlobalSection(SolutionConfigurationPlatforms) = preSolution
		Debug|Any CPU = Debug|Any CPU
		Release|Any CPU = Release|Any CPU
	EndGlobalSection
	GlobalSection(ProjectConfigurationPlatforms) = postSolution
		{3576B181-330F-4351-B486-808775A985CF}.Debug|Any CPU.ActiveCfg = Debug|Any CPU
		{3576B181-330F-4351-B486-808775A985CF}.Debug|Any CPU.Build.0 = Debug|Any CPU
		{3576B181-330F-4351-B486-808775A985CF}.Release|Any CPU.ActiveCfg = Release|Any CPU
		{3576B181-330F-4351-B486-808775A985CF}.Release|Any CPU.Build.0 = Release|Any CPU
	EndGlobalSection
	GlobalSection(SolutionProperties) = preSolution
		HideSolutionNode = FALSE
	EndGlobalSection
	GlobalSection(ExtensibilityGlobals) = postSolution
		SolutionGuid = {690041F8-26D8-49B1-B9AD-75FD6E015514}
	EndGlobalSection
EndGlobal
