
Microsoft Visual Studio Solution File, Format Version 12.00
# Visual Studio Version 17
VisualStudioVersion = 17.8.34511.84
MinimumVisualStudioVersion = 10.0.40219.1
Project("{FAE04EC0-301F-11D3-BF4B-00C04F79EFBC}") = "Event Handler", "Event Handler\Event Handler.csproj", "{2B2ADE1F-D220-4459-9560-47EF12CF75BA}"
EndProject
Global
	GlobalSection(SolutionConfigurationPlatforms) = preSolution
		Debug|Any CPU = Debug|Any CPU
		Release|Any CPU = Release|Any CPU
	EndGlobalSection
	GlobalSection(ProjectConfigurationPlatforms) = postSolution
		{2B2ADE1F-D220-4459-9560-47EF12CF75BA}.Debug|Any CPU.ActiveCfg = Debug|Any CPU
		{2B2ADE1F-D220-4459-9560-47EF12CF75BA}.Debug|Any CPU.Build.0 = Debug|Any CPU
		{2B2ADE1F-D220-4459-9560-47EF12CF75BA}.Release|Any CPU.ActiveCfg = Release|Any CPU
		{2B2ADE1F-D220-4459-9560-47EF12CF75BA}.Release|Any CPU.Build.0 = Release|Any CPU
	EndGlobalSection
	GlobalSection(SolutionProperties) = preSolution
		HideSolutionNode = FALSE
	EndGlobalSection
	GlobalSection(ExtensibilityGlobals) = postSolution
		SolutionGuid = {AAEE39DC-F3F4-40F0-AED0-153A4834D5F1}
	EndGlobalSection
EndGlobal
