
Microsoft Visual Studio Solution File, Format Version 12.00
# Visual Studio Version 17
VisualStudioVersion = 17.8.34511.84
MinimumVisualStudioVersion = 10.0.40219.1
Project("{FAE04EC0-301F-11D3-BF4B-00C04F79EFBC}") = "More Example Interface", "More Example Interface\More Example Interface.csproj", "{DD296B73-B657-4128-985C-A20605A6514D}"
EndProject
Global
	GlobalSection(SolutionConfigurationPlatforms) = preSolution
		Debug|Any CPU = Debug|Any CPU
		Release|Any CPU = Release|Any CPU
	EndGlobalSection
	GlobalSection(ProjectConfigurationPlatforms) = postSolution
		{DD296B73-B657-4128-985C-A20605A6514D}.Debug|Any CPU.ActiveCfg = Debug|Any CPU
		{DD296B73-B657-4128-985C-A20605A6514D}.Debug|Any CPU.Build.0 = Debug|Any CPU
		{DD296B73-B657-4128-985C-A20605A6514D}.Release|Any CPU.ActiveCfg = Release|Any CPU
		{DD296B73-B657-4128-985C-A20605A6514D}.Release|Any CPU.Build.0 = Release|Any CPU
	EndGlobalSection
	GlobalSection(SolutionProperties) = preSolution
		HideSolutionNode = FALSE
	EndGlobalSection
	GlobalSection(ExtensibilityGlobals) = postSolution
		SolutionGuid = {656CD0BC-C4BB-4BBB-B135-A65C1936F243}
	EndGlobalSection
EndGlobal
